
Microsoft Visual Studio Solution File, Format Version 12.00
# Visual Studio Version 17
VisualStudioVersion = 17.3.32901.215
MinimumVisualStudioVersion = 10.0.40219.1
Project("{FAE04EC0-301F-11D3-BF4B-00C04F79EFBC}") = "VehiclesAgain", "VehiclesAgain\VehiclesAgain.csproj", "{FF993BFD-8604-4482-A0BD-4CCB4CACF0D4}"
EndProject
Global
	GlobalSection(SolutionConfigurationPlatforms) = preSolution
		Debug|Any CPU = Debug|Any CPU
		Release|Any CPU = Release|Any CPU
	EndGlobalSection
	GlobalSection(ProjectConfigurationPlatforms) = postSolution
		{FF993BFD-8604-4482-A0BD-4CCB4CACF0D4}.Debug|Any CPU.ActiveCfg = Debug|Any CPU
		{FF993BFD-8604-4482-A0BD-4CCB4CACF0D4}.Debug|Any CPU.Build.0 = Debug|Any CPU
		{FF993BFD-8604-4482-A0BD-4CCB4CACF0D4}.Release|Any CPU.ActiveCfg = Release|Any CPU
		{FF993BFD-8604-4482-A0BD-4CCB4CACF0D4}.Release|Any CPU.Build.0 = Release|Any CPU
	EndGlobalSection
	GlobalSection(SolutionProperties) = preSolution
		HideSolutionNode = FALSE
	EndGlobalSection
	GlobalSection(ExtensibilityGlobals) = postSolution
		SolutionGuid = {1E7C7533-DC92-4535-9BC6-16BCD43C7B20}
	EndGlobalSection
EndGlobal
